
Microsoft Visual Studio Solution File, Format Version 12.00
# Visual Studio Version 16
VisualStudioVersion = 16.0.31702.278
MinimumVisualStudioVersion = 10.0.40219.1
Project("{FAE04EC0-301F-11D3-BF4B-00C04F79EFBC}") = "LoginApp", "LoginApp.csproj", "{18574490-420D-4964-83D4-E81CC3B82865}"
EndProject
Global
	GlobalSection(SolutionConfigurationPlatforms) = preSolution
		Debug|Any CPU = Debug|Any CPU
		Release|Any CPU = Release|Any CPU
	EndGlobalSection
	GlobalSection(ProjectConfigurationPlatforms) = postSolution
		{18574490-420D-4964-83D4-E81CC3B82865}.Debug|Any CPU.ActiveCfg = Debug|Any CPU
		{18574490-420D-4964-83D4-E81CC3B82865}.Debug|Any CPU.Build.0 = Debug|Any CPU
		{18574490-420D-4964-83D4-E81CC3B82865}.Release|Any CPU.ActiveCfg = Release|Any CPU
		{18574490-420D-4964-83D4-E81CC3B82865}.Release|Any CPU.Build.0 = Release|Any CPU
	EndGlobalSection
	GlobalSection(SolutionProperties) = preSolution
		HideSolutionNode = FALSE
	EndGlobalSection
	GlobalSection(ExtensibilityGlobals) = postSolution
		SolutionGuid = {13C693CE-3AD9-499C-A338-EC26DF61C833}
	EndGlobalSection
EndGlobal
